
Microsoft Visual Studio Solution File, Format Version 12.00
# Visual Studio Version 16
VisualStudioVersion = 16.0.31005.135
MinimumVisualStudioVersion = 10.0.40219.1
Project("{9A19103F-16F7-4668-BE54-9A1E7A4F7556}") = "OOXMLValidator", "OOXMLValidator\OOXMLValidator.csproj", "{454F4F00-646E-437A-BB17-139D6DABB696}"
EndProject
Project("{FAE04EC0-301F-11D3-BF4B-00C04F79EFBC}") = "OOXMLValidatorCLI", "OOXMLValidatorCLI\OOXMLValidatorCLI.csproj", "{992EF2AC-EDE5-4418-9584-E077999FD15E}"
EndProject
Global
	GlobalSection(SolutionConfigurationPlatforms) = preSolution
		Debug|Any CPU = Debug|Any CPU
		Release|Any CPU = Release|Any CPU
	EndGlobalSection
	GlobalSection(ProjectConfigurationPlatforms) = postSolution
		{454F4F00-646E-437A-BB17-139D6DABB696}.Debug|Any CPU.ActiveCfg = Debug|Any CPU
		{454F4F00-646E-437A-BB17-139D6DABB696}.Debug|Any CPU.Build.0 = Debug|Any CPU
		{454F4F00-646E-437A-BB17-139D6DABB696}.Release|Any CPU.ActiveCfg = Release|Any CPU
		{454F4F00-646E-437A-BB17-139D6DABB696}.Release|Any CPU.Build.0 = Release|Any CPU
		{992EF2AC-EDE5-4418-9584-E077999FD15E}.Debug|Any CPU.ActiveCfg = Debug|Any CPU
		{992EF2AC-EDE5-4418-9584-E077999FD15E}.Debug|Any CPU.Build.0 = Debug|Any CPU
		{992EF2AC-EDE5-4418-9584-E077999FD15E}.Release|Any CPU.ActiveCfg = Release|Any CPU
		{992EF2AC-EDE5-4418-9584-E077999FD15E}.Release|Any CPU.Build.0 = Release|Any CPU
	EndGlobalSection
	GlobalSection(SolutionProperties) = preSolution
		HideSolutionNode = FALSE
	EndGlobalSection
	GlobalSection(ExtensibilityGlobals) = postSolution
		SolutionGuid = {A3BBF30A-BA8B-4409-B2B5-036990C1A424}
	EndGlobalSection
EndGlobal
