
Microsoft Visual Studio Solution File, Format Version 12.00
# Visual Studio Version 17
VisualStudioVersion = 17.9.34414.90
MinimumVisualStudioVersion = 10.0.40219.1
Project("{9A19103F-16F7-4668-BE54-9A1E7A4F7556}") = "OOXMLValidatorCLI", "OOXMLValidatorCLI\OOXMLValidatorCLI.csproj", "{992EF2AC-EDE5-4418-9584-E077999FD15E}"
EndProject
Project("{9A19103F-16F7-4668-BE54-9A1E7A4F7556}") = "OOXMLValidatorCLITests", "OOXMLValidatorCLITests\OOXMLValidatorCLITests.csproj", "{F5C0C69F-A8A2-4612-A2EE-3A15565C8FA8}"
EndProject
Project("{2150E333-8FDC-42A3-9474-1A3956D46DE8}") = "Solution Items", "Solution Items", "{E8B33E39-2324-4289-9F3B-697CBBAC64B3}"
	ProjectSection(SolutionItems) = preProject
		.editorconfig = .editorconfig
		.gitignore = .gitignore
		.github\workflows\dotnet.yml = .github\workflows\dotnet.yml
		LICENSE = LICENSE
		README.md = README.md
	EndProjectSection
EndProject
Global
	GlobalSection(SolutionConfigurationPlatforms) = preSolution
		Debug|Any CPU = Debug|Any CPU
		Release|Any CPU = Release|Any CPU
	EndGlobalSection
	GlobalSection(ProjectConfigurationPlatforms) = postSolution
		{992EF2AC-EDE5-4418-9584-E077999FD15E}.Debug|Any CPU.ActiveCfg = Debug|Any CPU
		{992EF2AC-EDE5-4418-9584-E077999FD15E}.Debug|Any CPU.Build.0 = Debug|Any CPU
		{992EF2AC-EDE5-4418-9584-E077999FD15E}.Release|Any CPU.ActiveCfg = Release|Any CPU
		{992EF2AC-EDE5-4418-9584-E077999FD15E}.Release|Any CPU.Build.0 = Release|Any CPU
		{F5C0C69F-A8A2-4612-A2EE-3A15565C8FA8}.Debug|Any CPU.ActiveCfg = Debug|Any CPU
		{F5C0C69F-A8A2-4612-A2EE-3A15565C8FA8}.Debug|Any CPU.Build.0 = Debug|Any CPU
		{F5C0C69F-A8A2-4612-A2EE-3A15565C8FA8}.Release|Any CPU.ActiveCfg = Release|Any CPU
		{F5C0C69F-A8A2-4612-A2EE-3A15565C8FA8}.Release|Any CPU.Build.0 = Release|Any CPU
	EndGlobalSection
	GlobalSection(SolutionProperties) = preSolution
		HideSolutionNode = FALSE
	EndGlobalSection
	GlobalSection(ExtensibilityGlobals) = postSolution
		SolutionGuid = {A3BBF30A-BA8B-4409-B2B5-036990C1A424}
	EndGlobalSection
EndGlobal
